// !$*UTF8*$!
{
	archiveVersion = 1;
	classes = {
	};
	objectVersion = 50;
	objects = {

/* Begin PBXBuildFile section */
		9F82B28E217563E7008B94C8 /* Dispatch.swift in Sources */ = {isa = PBXBuildFile; fileRef = 9F82B28D217563E7008B94C8 /* Dispatch.swift */; };
		9F82B2902177BAA8008B94C8 /* Communication.swift in Sources */ = {isa = PBXBuildFile; fileRef = 9F82B28F2177BAA8008B94C8 /* Communication.swift */; };
		9F82B29321793F96008B94C8 /* Product.swift in Sources */ = {isa = PBXBuildFile; fileRef = 9F82B29221793F96008B94C8 /* Product.swift */; };
		9F82B2952179403A008B94C8 /* ConnectivityWorker.swift in Sources */ = {isa = PBXBuildFile; fileRef = 9F82B2942179403A008B94C8 /* ConnectivityWorker.swift */; };
		9F82B29821794074008B94C8 /* ConnectivityConfigurator.swift in Sources */ = {isa = PBXBuildFile; fileRef = 9F82B29721794074008B94C8 /* ConnectivityConfigurator.swift */; };
		9FF7C16721753FC60001C3D4 /* AppDelegate.swift in Sources */ = {isa = PBXBuildFile; fileRef = 9FF7C16621753FC60001C3D4 /* AppDelegate.swift */; };
		9FF7C16921753FC60001C3D4 /* ViewController.swift in Sources */ = {isa = PBXBuildFile; fileRef = 9FF7C16821753FC60001C3D4 /* ViewController.swift */; };
		9FF7C16C21753FC60001C3D4 /* Main.storyboard in Resources */ = {isa = PBXBuildFile; fileRef = 9FF7C16A21753FC60001C3D4 /* Main.storyboard */; };
		9FF7C16F21753FC60001C3D4 /* multipeer_conectivity.xcdatamodeld in Sources */ = {isa = PBXBuildFile; fileRef = 9FF7C16D21753FC60001C3D4 /* multipeer_conectivity.xcdatamodeld */; };
		9FF7C17121753FC80001C3D4 /* Assets.xcassets in Resources */ = {isa = PBXBuildFile; fileRef = 9FF7C17021753FC80001C3D4 /* Assets.xcassets */; };
		9FF7C17421753FC80001C3D4 /* LaunchScreen.storyboard in Resources */ = {isa = PBXBuildFile; fileRef = 9FF7C17221753FC80001C3D4 /* LaunchScreen.storyboard */; };
		9FF7C17C2175409A0001C3D4 /* ConnectivityService.swift in Sources */ = {isa = PBXBuildFile; fileRef = 9FF7C17B2175409A0001C3D4 /* ConnectivityService.swift */; };
/* End PBXBuildFile section */

/* Begin PBXFileReference section */
		9F82B28D217563E7008B94C8 /* Dispatch.swift */ = {isa = PBXFileReference; lastKnownFileType = sourcecode.swift; path = Dispatch.swift; sourceTree = "<group>"; };
		9F82B28F2177BAA8008B94C8 /* Communication.swift */ = {isa = PBXFileReference; lastKnownFileType = sourcecode.swift; path = Communication.swift; sourceTree = "<group>"; };
		9F82B29221793F96008B94C8 /* Product.swift */ = {isa = PBXFileReference; lastKnownFileType = sourcecode.swift; path = Product.swift; sourceTree = "<group>"; };
		9F82B2942179403A008B94C8 /* ConnectivityWorker.swift */ = {isa = PBXFileReference; lastKnownFileType = sourcecode.swift; path = ConnectivityWorker.swift; sourceTree = "<group>"; };
		9F82B29721794074008B94C8 /* ConnectivityConfigurator.swift */ = {isa = PBXFileReference; lastKnownFileType = sourcecode.swift; path = ConnectivityConfigurator.swift; sourceTree = "<group>"; };
		9FF7C16321753FC60001C3D4 /* multipeer-conectivity.app */ = {isa = PBXFileReference; explicitFileType = wrapper.application; includeInIndex = 0; path = "multipeer-conectivity.app"; sourceTree = BUILT_PRODUCTS_DIR; };
		9FF7C16621753FC60001C3D4 /* AppDelegate.swift */ = {isa = PBXFileReference; lastKnownFileType = sourcecode.swift; path = AppDelegate.swift; sourceTree = "<group>"; };
		9FF7C16821753FC60001C3D4 /* ViewController.swift */ = {isa = PBXFileReference; lastKnownFileType = sourcecode.swift; path = ViewController.swift; sourceTree = "<group>"; };
		9FF7C16B21753FC60001C3D4 /* Base */ = {isa = PBXFileReference; lastKnownFileType = file.storyboard; name = Base; path = Base.lproj/Main.storyboard; sourceTree = "<group>"; };
		9FF7C16E21753FC60001C3D4 /* multipeer_conectivity.xcdatamodel */ = {isa = PBXFileReference; lastKnownFileType = wrapper.xcdatamodel; path = multipeer_conectivity.xcdatamodel; sourceTree = "<group>"; };
		9FF7C17021753FC80001C3D4 /* Assets.xcassets */ = {isa = PBXFileReference; lastKnownFileType = folder.assetcatalog; path = Assets.xcassets; sourceTree = "<group>"; };
		9FF7C17321753FC80001C3D4 /* Base */ = {isa = PBXFileReference; lastKnownFileType = file.storyboard; name = Base; path = Base.lproj/LaunchScreen.storyboard; sourceTree = "<group>"; };
		9FF7C17521753FC80001C3D4 /* Info.plist */ = {isa = PBXFileReference; lastKnownFileType = text.plist.xml; path = Info.plist; sourceTree = "<group>"; };
		9FF7C17B2175409A0001C3D4 /* ConnectivityService.swift */ = {isa = PBXFileReference; lastKnownFileType = sourcecode.swift; path = ConnectivityService.swift; sourceTree = "<group>"; };
/* End PBXFileReference section */

/* Begin PBXFrameworksBuildPhase section */
		9FF7C16021753FC60001C3D4 /* Frameworks */ = {
			isa = PBXFrameworksBuildPhase;
			buildActionMask = 2147483647;
			files = (
			);
			runOnlyForDeploymentPostprocessing = 0;
		};
/* End PBXFrameworksBuildPhase section */

/* Begin PBXGroup section */
		9F82B29121793F84008B94C8 /* model */ = {
			isa = PBXGroup;
			children = (
				9F82B29221793F96008B94C8 /* Product.swift */,
			);
			path = model;
			sourceTree = "<group>";
		};
		9F82B2962179404F008B94C8 /* worker */ = {
			isa = PBXGroup;
			children = (
				9F82B2942179403A008B94C8 /* ConnectivityWorker.swift */,
			);
			path = worker;
			sourceTree = "<group>";
		};
		9F82B2992179407C008B94C8 /* configurator */ = {
			isa = PBXGroup;
			children = (
				9F82B29721794074008B94C8 /* ConnectivityConfigurator.swift */,
			);
			path = configurator;
			sourceTree = "<group>";
		};
		9FF7C15A21753FC60001C3D4 = {
			isa = PBXGroup;
			children = (
				9FF7C16521753FC60001C3D4 /* multipeer-conectivity */,
				9FF7C16421753FC60001C3D4 /* Products */,
			);
			sourceTree = "<group>";
		};
		9FF7C16421753FC60001C3D4 /* Products */ = {
			isa = PBXGroup;
			children = (
				9FF7C16321753FC60001C3D4 /* multipeer-conectivity.app */,
			);
			name = Products;
			sourceTree = "<group>";
		};
		9FF7C16521753FC60001C3D4 /* multipeer-conectivity */ = {
			isa = PBXGroup;
			children = (
				9F82B29121793F84008B94C8 /* model */,
				9FF7C16621753FC60001C3D4 /* AppDelegate.swift */,
				9FF7C16821753FC60001C3D4 /* ViewController.swift */,
				9FF7C16A21753FC60001C3D4 /* Main.storyboard */,
				9FF7C17021753FC80001C3D4 /* Assets.xcassets */,
				9FF7C17221753FC80001C3D4 /* LaunchScreen.storyboard */,
				9FF7C17521753FC80001C3D4 /* Info.plist */,
				9FF7C16D21753FC60001C3D4 /* multipeer_conectivity.xcdatamodeld */,
				9FF7C17D2175409F0001C3D4 /* connectivity */,
				9F82B28D217563E7008B94C8 /* Dispatch.swift */,
				9F82B2962179404F008B94C8 /* worker */,
				9F82B2992179407C008B94C8 /* configurator */,
			);
			path = "multipeer-conectivity";
			sourceTree = "<group>";
		};
		9FF7C17D2175409F0001C3D4 /* connectivity */ = {
			isa = PBXGroup;
			children = (
				9FF7C17B2175409A0001C3D4 /* ConnectivityService.swift */,
				9F82B28F2177BAA8008B94C8 /* Communication.swift */,
			);
			path = connectivity;
			sourceTree = "<group>";
		};
/* End PBXGroup section */

/* Begin PBXNativeTarget section */
		9FF7C16221753FC60001C3D4 /* multipeer-conectivity */ = {
			isa = PBXNativeTarget;
			buildConfigurationList = 9FF7C17821753FC80001C3D4 /* Build configuration list for PBXNativeTarget "multipeer-conectivity" */;
			buildPhases = (
				9FF7C15F21753FC60001C3D4 /* Sources */,
				9FF7C16021753FC60001C3D4 /* Frameworks */,
				9FF7C16121753FC60001C3D4 /* Resources */,
			);
			buildRules = (
			);
			dependencies = (
			);
			name = "multipeer-conectivity";
			productName = "multipeer-conectivity";
			productReference = 9FF7C16321753FC60001C3D4 /* multipeer-conectivity.app */;
			productType = "com.apple.product-type.application";
		};
/* End PBXNativeTarget section */

/* Begin PBXProject section */
		9FF7C15B21753FC60001C3D4 /* Project object */ = {
			isa = PBXProject;
			attributes = {
				LastSwiftUpdateCheck = 1000;
				LastUpgradeCheck = 1000;
				ORGANIZATIONNAME = devcorerd;
				TargetAttributes = {
					9FF7C16221753FC60001C3D4 = {
						CreatedOnToolsVersion = 10.0;
					};
				};
			};
			buildConfigurationList = 9FF7C15E21753FC60001C3D4 /* Build configuration list for PBXProject "multipeer-conectivity" */;
			compatibilityVersion = "Xcode 9.3";
			developmentRegion = en;
			hasScannedForEncodings = 0;
			knownRegions = (
				en,
				Base,
			);
			mainGroup = 9FF7C15A21753FC60001C3D4;
			productRefGroup = 9FF7C16421753FC60001C3D4 /* Products */;
			projectDirPath = "";
			projectRoot = "";
			targets = (
				9FF7C16221753FC60001C3D4 /* multipeer-conectivity */,
			);
		};
/* End PBXProject section */

/* Begin PBXResourcesBuildPhase section */
		9FF7C16121753FC60001C3D4 /* Resources */ = {
			isa = PBXResourcesBuildPhase;
			buildActionMask = 2147483647;
			files = (
				9FF7C17421753FC80001C3D4 /* LaunchScreen.storyboard in Resources */,
				9FF7C17121753FC80001C3D4 /* Assets.xcassets in Resources */,
				9FF7C16C21753FC60001C3D4 /* Main.storyboard in Resources */,
			);
			runOnlyForDeploymentPostprocessing = 0;
		};
/* End PBXResourcesBuildPhase section */

/* Begin PBXSourcesBuildPhase section */
		9FF7C15F21753FC60001C3D4 /* Sources */ = {
			isa = PBXSourcesBuildPhase;
			buildActionMask = 2147483647;
			files = (
				9FF7C17C2175409A0001C3D4 /* ConnectivityService.swift in Sources */,
				9FF7C16F21753FC60001C3D4 /* multipeer_conectivity.xcdatamodeld in Sources */,
				9F82B29821794074008B94C8 /* ConnectivityConfigurator.swift in Sources */,
				9F82B2902177BAA8008B94C8 /* Communication.swift in Sources */,
				9F82B28E217563E7008B94C8 /* Dispatch.swift in Sources */,
				9F82B2952179403A008B94C8 /* ConnectivityWorker.swift in Sources */,
				9FF7C16921753FC60001C3D4 /* ViewController.swift in Sources */,
				9FF7C16721753FC60001C3D4 /* AppDelegate.swift in Sources */,
				9F82B29321793F96008B94C8 /* Product.swift in Sources */,
			);
			runOnlyForDeploymentPostprocessing = 0;
		};
/* End PBXSourcesBuildPhase section */

/* Begin PBXVariantGroup section */
		9FF7C16A21753FC60001C3D4 /* Main.storyboard */ = {
			isa = PBXVariantGroup;
			children = (
				9FF7C16B21753FC60001C3D4 /* Base */,
			);
			name = Main.storyboard;
			sourceTree = "<group>";
		};
		9FF7C17221753FC80001C3D4 /* LaunchScreen.storyboard */ = {
			isa = PBXVariantGroup;
			children = (
				9FF7C17321753FC80001C3D4 /* Base */,
			);
			name = LaunchScreen.storyboard;
			sourceTree = "<group>";
		};
/* End PBXVariantGroup section */

/* Begin XCBuildConfiguration section */
		9FF7C17621753FC80001C3D4 /* Debug */ = {
			isa = XCBuildConfiguration;
			buildSettings = {
				ALWAYS_SEARCH_USER_PATHS = NO;
				CLANG_ANALYZER_NONNULL = YES;
				CLANG_ANALYZER_NUMBER_OBJECT_CONVERSION = YES_AGGRESSIVE;
				CLANG_CXX_LANGUAGE_STANDARD = "gnu++14";
				CLANG_CXX_LIBRARY = "libc++";
				CLANG_ENABLE_MODULES = YES;
				CLANG_ENABLE_OBJC_ARC = YES;
				CLANG_ENABLE_OBJC_WEAK = YES;
				CLANG_WARN_BLOCK_CAPTURE_AUTORELEASING = YES;
				CLANG_WARN_BOOL_CONVERSION = YES;
				CLANG_WARN_COMMA = YES;
				CLANG_WARN_CONSTANT_CONVERSION = YES;
				CLANG_WARN_DEPRECATED_OBJC_IMPLEMENTATIONS = YES;
				CLANG_WARN_DIRECT_OBJC_ISA_USAGE = YES_ERROR;
				CLANG_WARN_DOCUMENTATION_COMMENTS = YES;
				CLANG_WARN_EMPTY_BODY = YES;
				CLANG_WARN_ENUM_CONVERSION = YES;
				CLANG_WARN_INFINITE_RECURSION = YES;
				CLANG_WARN_INT_CONVERSION = YES;
				CLANG_WARN_NON_LITERAL_NULL_CONVERSION = YES;
				CLANG_WARN_OBJC_IMPLICIT_RETAIN_SELF = YES;
				CLANG_WARN_OBJC_LITERAL_CONVERSION = YES;
				CLANG_WARN_OBJC_ROOT_CLASS = YES_ERROR;
				CLANG_WARN_RANGE_LOOP_ANALYSIS = YES;
				CLANG_WARN_STRICT_PROTOTYPES = YES;
				CLANG_WARN_SUSPICIOUS_MOVE = YES;
				CLANG_WARN_UNGUARDED_AVAILABILITY = YES_AGGRESSIVE;
				CLANG_WARN_UNREACHABLE_CODE = YES;
				CLANG_WARN__DUPLICATE_METHOD_MATCH = YES;
				CODE_SIGN_IDENTITY = "iPhone Developer";
				COPY_PHASE_STRIP = NO;
				DEBUG_INFORMATION_FORMAT = dwarf;
				ENABLE_STRICT_OBJC_MSGSEND = YES;
				ENABLE_TESTABILITY = YES;
				GCC_C_LANGUAGE_STANDARD = gnu11;
				GCC_DYNAMIC_NO_PIC = NO;
				GCC_NO_COMMON_BLOCKS = YES;
				GCC_OPTIMIZATION_LEVEL = 0;
				GCC_PREPROCESSOR_DEFINITIONS = (
					"DEBUG=1",
					"$(inherited)",
				);
				GCC_WARN_64_TO_32_BIT_CONVERSION = YES;
				GCC_WARN_ABOUT_RETURN_TYPE = YES_ERROR;
				GCC_WARN_UNDECLARED_SELECTOR = YES;
				GCC_WARN_UNINITIALIZED_AUTOS = YES_AGGRESSIVE;
				GCC_WARN_UNUSED_FUNCTION = YES;
				GCC_WARN_UNUSED_VARIABLE = YES;
				IPHONEOS_DEPLOYMENT_TARGET = 12.0;
				MTL_ENABLE_DEBUG_INFO = INCLUDE_SOURCE;
				MTL_FAST_MATH = YES;
				ONLY_ACTIVE_ARCH = YES;
				SDKROOT = iphoneos;
				SWIFT_ACTIVE_COMPILATION_CONDITIONS = DEBUG;
				SWIFT_OPTIMIZATION_LEVEL = "-Onone";
			};
			name = Debug;
		};
		9FF7C17721753FC80001C3D4 /* Release */ = {
			isa = XCBuildConfiguration;
			buildSettings = {
				ALWAYS_SEARCH_USER_PATHS = NO;
				CLANG_ANALYZER_NONNULL = YES;
				CLANG_ANALYZER_NUMBER_OBJECT_CONVERSION = YES_AGGRESSIVE;
				CLANG_CXX_LANGUAGE_STANDARD = "gnu++14";
				CLANG_CXX_LIBRARY = "libc++";
				CLANG_ENABLE_MODULES = YES;
				CLANG_ENABLE_OBJC_ARC = YES;
				CLANG_ENABLE_OBJC_WEAK = YES;
				CLANG_WARN_BLOCK_CAPTURE_AUTORELEASING = YES;
				CLANG_WARN_BOOL_CONVERSION = YES;
				CLANG_WARN_COMMA = YES;
				CLANG_WARN_CONSTANT_CONVERSION = YES;
				CLANG_WARN_DEPRECATED_OBJC_IMPLEMENTATIONS = YES;
				CLANG_WARN_DIRECT_OBJC_ISA_USAGE = YES_ERROR;
				CLANG_WARN_DOCUMENTATION_COMMENTS = YES;
				CLANG_WARN_EMPTY_BODY = YES;
				CLANG_WARN_ENUM_CONVERSION = YES;
				CLANG_WARN_INFINITE_RECURSION = YES;
				CLANG_WARN_INT_CONVERSION = YES;
				CLANG_WARN_NON_LITERAL_NULL_CONVERSION = YES;
				CLANG_WARN_OBJC_IMPLICIT_RETAIN_SELF = YES;
				CLANG_WARN_OBJC_LITERAL_CONVERSION = YES;
				CLANG_WARN_OBJC_ROOT_CLASS = YES_ERROR;
				CLANG_WARN_RANGE_LOOP_ANALYSIS = YES;
				CLANG_WARN_STRICT_PROTOTYPES = YES;
				CLANG_WARN_SUSPICIOUS_MOVE = YES;
				CLANG_WARN_UNGUARDED_AVAILABILITY = YES_AGGRESSIVE;
				CLANG_WARN_UNREACHABLE_CODE = YES;
				CLANG_WARN__DUPLICATE_METHOD_MATCH = YES;
				CODE_SIGN_IDENTITY = "iPhone Developer";
				COPY_PHASE_STRIP = NO;
				DEBUG_INFORMATION_FORMAT = "dwarf-with-dsym";
				ENABLE_NS_ASSERTIONS = NO;
				ENABLE_STRICT_OBJC_MSGSEND = YES;
				GCC_C_LANGUAGE_STANDARD = gnu11;
				GCC_NO_COMMON_BLOCKS = YES;
				GCC_WARN_64_TO_32_BIT_CONVERSION = YES;
				GCC_WARN_ABOUT_RETURN_TYPE = YES_ERROR;
				GCC_WARN_UNDECLARED_SELECTOR = YES;
				GCC_WARN_UNINITIALIZED_AUTOS = YES_AGGRESSIVE;
				GCC_WARN_UNUSED_FUNCTION = YES;
				GCC_WARN_UNUSED_VARIABLE = YES;
				IPHONEOS_DEPLOYMENT_TARGET = 12.0;
				MTL_ENABLE_DEBUG_INFO = NO;
				MTL_FAST_MATH = YES;
				SDKROOT = iphoneos;
				SWIFT_COMPILATION_MODE = wholemodule;
				SWIFT_OPTIMIZATION_LEVEL = "-O";
				VALIDATE_PRODUCT = YES;
			};
			name = Release;
		};
		9FF7C17921753FC80001C3D4 /* Debug */ = {
			isa = XCBuildConfiguration;
			buildSettings = {
				ASSETCATALOG_COMPILER_APPICON_NAME = AppIcon;
				CODE_SIGN_STYLE = Automatic;
				DEVELOPMENT_TEAM = TSAUHSF6TJ;
				INFOPLIST_FILE = "multipeer-conectivity/Info.plist";
				LD_RUNPATH_SEARCH_PATHS = (
					"$(inherited)",
					"@executable_path/Frameworks",
				);
				PRODUCT_BUNDLE_IDENTIFIER = "com.devcorerd.multipeer-conectivity";
				PRODUCT_NAME = "$(TARGET_NAME)";
				SWIFT_VERSION = 4.2;
				TARGETED_DEVICE_FAMILY = "1,2";
			};
			name = Debug;
		};
		9FF7C17A21753FC80001C3D4 /* Release */ = {
			isa = XCBuildConfiguration;
			buildSettings = {
				ASSETCATALOG_COMPILER_APPICON_NAME = AppIcon;
				CODE_SIGN_STYLE = Automatic;
				DEVELOPMENT_TEAM = TSAUHSF6TJ;
				INFOPLIST_FILE = "multipeer-conectivity/Info.plist";
				LD_RUNPATH_SEARCH_PATHS = (
					"$(inherited)",
					"@executable_path/Frameworks",
				);
				PRODUCT_BUNDLE_IDENTIFIER = "com.devcorerd.multipeer-conectivity";
				PRODUCT_NAME = "$(TARGET_NAME)";
				SWIFT_VERSION = 4.2;
				TARGETED_DEVICE_FAMILY = "1,2";
			};
			name = Release;
		};
/* End XCBuildConfiguration section */

/* Begin XCConfigurationList section */
		9FF7C15E21753FC60001C3D4 /* Build configuration list for PBXProject "multipeer-conectivity" */ = {
			isa = XCConfigurationList;
			buildConfigurations = (
				9FF7C17621753FC80001C3D4 /* Debug */,
				9FF7C17721753FC80001C3D4 /* Release */,
			);
			defaultConfigurationIsVisible = 0;
			defaultConfigurationName = Release;
		};
		9FF7C17821753FC80001C3D4 /* Build configuration list for PBXNativeTarget "multipeer-conectivity" */ = {
			isa = XCConfigurationList;
			buildConfigurations = (
				9FF7C17921753FC80001C3D4 /* Debug */,
				9FF7C17A21753FC80001C3D4 /* Release */,
			);
			defaultConfigurationIsVisible = 0;
			defaultConfigurationName = Release;
		};
/* End XCConfigurationList section */

/* Begin XCVersionGroup section */
		9FF7C16D21753FC60001C3D4 /* multipeer_conectivity.xcdatamodeld */ = {
			isa = XCVersionGroup;
			children = (
				9FF7C16E21753FC60001C3D4 /* multipeer_conectivity.xcdatamodel */,
			);
			currentVersion = 9FF7C16E21753FC60001C3D4 /* multipeer_conectivity.xcdatamodel */;
			path = multipeer_conectivity.xcdatamodeld;
			sourceTree = "<group>";
			versionGroupType = wrapper.xcdatamodel;
		};
/* End XCVersionGroup section */
	};
	rootObject = 9FF7C15B21753FC60001C3D4 /* Project object */;
}
